// !$*UTF8*$!
{
	archiveVersion = 1;
	classes = {
	};
	objectVersion = 46;
	objects = {

/* Begin PBXBuildFile section */
		F372D3F91C66827F0035E3E6 /* MapKit.framework in Frameworks */ = {isa = PBXBuildFile; fileRef = F372D3F81C66827F0035E3E6 /* MapKit.framework */; };
		F372D3FB1C66879F0035E3E6 /* MapViewController.swift in Sources */ = {isa = PBXBuildFile; fileRef = F372D3FA1C66879F0035E3E6 /* MapViewController.swift */; };
		F3957FB41C6616B600C4EEC4 /* ConversionViewController.swift in Sources */ = {isa = PBXBuildFile; fileRef = F3957FB31C6616B600C4EEC4 /* ConversionViewController.swift */; };
		F3C17D251C65DE4300B0EBF0 /* AppDelegate.swift in Sources */ = {isa = PBXBuildFile; fileRef = F3C17D241C65DE4300B0EBF0 /* AppDelegate.swift */; };
		F3C17D2A1C65DE4300B0EBF0 /* Main.storyboard in Resources */ = {isa = PBXBuildFile; fileRef = F3C17D281C65DE4300B0EBF0 /* Main.storyboard */; };
		F3C17D2C1C65DE4300B0EBF0 /* Assets.xcassets in Resources */ = {isa = PBXBuildFile; fileRef = F3C17D2B1C65DE4300B0EBF0 /* Assets.xcassets */; };
		F3C17D2F1C65DE4300B0EBF0 /* LaunchScreen.storyboard in Resources */ = {isa = PBXBuildFile; fileRef = F3C17D2D1C65DE4300B0EBF0 /* LaunchScreen.storyboard */; };
/* End PBXBuildFile section */

/* Begin PBXFileReference section */
		F372D3F81C66827F0035E3E6 /* MapKit.framework */ = {isa = PBXFileReference; lastKnownFileType = wrapper.framework; name = MapKit.framework; path = System/Library/Frameworks/MapKit.framework; sourceTree = SDKROOT; };
		F372D3FA1C66879F0035E3E6 /* MapViewController.swift */ = {isa = PBXFileReference; fileEncoding = 4; lastKnownFileType = sourcecode.swift; path = MapViewController.swift; sourceTree = "<group>"; };
		F3957FB31C6616B600C4EEC4 /* ConversionViewController.swift */ = {isa = PBXFileReference; fileEncoding = 4; lastKnownFileType = sourcecode.swift; path = ConversionViewController.swift; sourceTree = "<group>"; };
		F3C17D211C65DE4300B0EBF0 /* WorldTrotter.app */ = {isa = PBXFileReference; explicitFileType = wrapper.application; includeInIndex = 0; path = WorldTrotter.app; sourceTree = BUILT_PRODUCTS_DIR; };
		F3C17D241C65DE4300B0EBF0 /* AppDelegate.swift */ = {isa = PBXFileReference; lastKnownFileType = sourcecode.swift; path = AppDelegate.swift; sourceTree = "<group>"; };
		F3C17D291C65DE4300B0EBF0 /* Base */ = {isa = PBXFileReference; lastKnownFileType = file.storyboard; name = Base; path = Base.lproj/Main.storyboard; sourceTree = "<group>"; };
		F3C17D2B1C65DE4300B0EBF0 /* Assets.xcassets */ = {isa = PBXFileReference; lastKnownFileType = folder.assetcatalog; path = Assets.xcassets; sourceTree = "<group>"; };
		F3C17D2E1C65DE4300B0EBF0 /* Base */ = {isa = PBXFileReference; lastKnownFileType = file.storyboard; name = Base; path = Base.lproj/LaunchScreen.storyboard; sourceTree = "<group>"; };
		F3C17D301C65DE4300B0EBF0 /* Info.plist */ = {isa = PBXFileReference; lastKnownFileType = text.plist.xml; path = Info.plist; sourceTree = "<group>"; };
		F3C830741C67C6FF004479A2 /* en */ = {isa = PBXFileReference; lastKnownFileType = text.plist.strings; name = en; path = en.lproj/Main.strings; sourceTree = "<group>"; };
		F3C830751C67C79B004479A2 /* es */ = {isa = PBXFileReference; lastKnownFileType = text.plist.strings; name = es; path = es.lproj/Main.strings; sourceTree = "<group>"; };
/* End PBXFileReference section */

/* Begin PBXFrameworksBuildPhase section */
		F3C17D1E1C65DE4300B0EBF0 /* Frameworks */ = {
			isa = PBXFrameworksBuildPhase;
			buildActionMask = 2147483647;
			files = (
				F372D3F91C66827F0035E3E6 /* MapKit.framework in Frameworks */,
			);
			runOnlyForDeploymentPostprocessing = 0;
		};
/* End PBXFrameworksBuildPhase section */

/* Begin PBXGroup section */
		F3C17D181C65DE4300B0EBF0 = {
			isa = PBXGroup;
			children = (
				F372D3F81C66827F0035E3E6 /* MapKit.framework */,
				F3C17D231C65DE4300B0EBF0 /* WorldTrotter */,
				F3C17D221C65DE4300B0EBF0 /* Products */,
			);
			sourceTree = "<group>";
		};
		F3C17D221C65DE4300B0EBF0 /* Products */ = {
			isa = PBXGroup;
			children = (
				F3C17D211C65DE4300B0EBF0 /* WorldTrotter.app */,
			);
			name = Products;
			sourceTree = "<group>";
		};
		F3C17D231C65DE4300B0EBF0 /* WorldTrotter */ = {
			isa = PBXGroup;
			children = (
				F3C17D241C65DE4300B0EBF0 /* AppDelegate.swift */,
				F3957FB31C6616B600C4EEC4 /* ConversionViewController.swift */,
				F372D3FA1C66879F0035E3E6 /* MapViewController.swift */,
				F3C17D281C65DE4300B0EBF0 /* Main.storyboard */,
				F3C17D2B1C65DE4300B0EBF0 /* Assets.xcassets */,
				F3C17D2D1C65DE4300B0EBF0 /* LaunchScreen.storyboard */,
				F3C17D301C65DE4300B0EBF0 /* Info.plist */,
			);
			path = WorldTrotter;
			sourceTree = "<group>";
		};
/* End PBXGroup section */

/* Begin PBXNativeTarget section */
		F3C17D201C65DE4300B0EBF0 /* WorldTrotter */ = {
			isa = PBXNativeTarget;
			buildConfigurationList = F3C17D331C65DE4300B0EBF0 /* Build configuration list for PBXNativeTarget "WorldTrotter" */;
			buildPhases = (
				F3C17D1D1C65DE4300B0EBF0 /* Sources */,
				F3C17D1E1C65DE4300B0EBF0 /* Frameworks */,
				F3C17D1F1C65DE4300B0EBF0 /* Resources */,
			);
			buildRules = (
			);
			dependencies = (
			);
			name = WorldTrotter;
			productName = WorldTrotter;
			productReference = F3C17D211C65DE4300B0EBF0 /* WorldTrotter.app */;
			productType = "com.apple.product-type.application";
		};
/* End PBXNativeTarget section */

/* Begin PBXProject section */
		F3C17D191C65DE4300B0EBF0 /* Project object */ = {
			isa = PBXProject;
			attributes = {
				LastSwiftUpdateCheck = 0720;
				LastUpgradeCheck = 0720;
				ORGANIZATIONNAME = "Dacio Leal Rodriguez";
				TargetAttributes = {
					F3C17D201C65DE4300B0EBF0 = {
						CreatedOnToolsVersion = 7.2;
					};
				};
			};
			buildConfigurationList = F3C17D1C1C65DE4300B0EBF0 /* Build configuration list for PBXProject "WorldTrotter" */;
			compatibilityVersion = "Xcode 3.2";
			developmentRegion = English;
			hasScannedForEncodings = 0;
			knownRegions = (
				en,
				Base,
			);
			mainGroup = F3C17D181C65DE4300B0EBF0;
			productRefGroup = F3C17D221C65DE4300B0EBF0 /* Products */;
			projectDirPath = "";
			projectRoot = "";
			targets = (
				F3C17D201C65DE4300B0EBF0 /* WorldTrotter */,
			);
		};
/* End PBXProject section */

/* Begin PBXResourcesBuildPhase section */
		F3C17D1F1C65DE4300B0EBF0 /* Resources */ = {
			isa = PBXResourcesBuildPhase;
			buildActionMask = 2147483647;
			files = (
				F3C17D2F1C65DE4300B0EBF0 /* LaunchScreen.storyboard in Resources */,
				F3C17D2C1C65DE4300B0EBF0 /* Assets.xcassets in Resources */,
				F3C17D2A1C65DE4300B0EBF0 /* Main.storyboard in Resources */,
			);
			runOnlyForDeploymentPostprocessing = 0;
		};
/* End PBXResourcesBuildPhase section */

/* Begin PBXSourcesBuildPhase section */
		F3C17D1D1C65DE4300B0EBF0 /* Sources */ = {
			isa = PBXSourcesBuildPhase;
			buildActionMask = 2147483647;
			files = (
				F3957FB41C6616B600C4EEC4 /* ConversionViewController.swift in Sources */,
				F372D3FB1C66879F0035E3E6 /* MapViewController.swift in Sources */,
				F3C17D251C65DE4300B0EBF0 /* AppDelegate.swift in Sources */,
			);
			runOnlyForDeploymentPostprocessing = 0;
		};
/* End PBXSourcesBuildPhase section */

/* Begin PBXVariantGroup section */
		F3C17D281C65DE4300B0EBF0 /* Main.storyboard */ = {
			isa = PBXVariantGroup;
			children = (
				F3C17D291C65DE4300B0EBF0 /* Base */,
				F3C830741C67C6FF004479A2 /* en */,
				F3C830751C67C79B004479A2 /* es */,
			);
			name = Main.storyboard;
			sourceTree = "<group>";
		};
		F3C17D2D1C65DE4300B0EBF0 /* LaunchScreen.storyboard */ = {
			isa = PBXVariantGroup;
			children = (
				F3C17D2E1C65DE4300B0EBF0 /* Base */,
			);
			name = LaunchScreen.storyboard;
			sourceTree = "<group>";
		};
/* End PBXVariantGroup section */

/* Begin XCBuildConfiguration section */
		F3C17D311C65DE4300B0EBF0 /* Debug */ = {
			isa = XCBuildConfiguration;
			buildSettings = {
				ALWAYS_SEARCH_USER_PATHS = NO;
				CLANG_CXX_LANGUAGE_STANDARD = "gnu++0x";
				CLANG_CXX_LIBRARY = "libc++";
				CLANG_ENABLE_MODULES = YES;
				CLANG_ENABLE_OBJC_ARC = YES;
				CLANG_WARN_BOOL_CONVERSION = YES;
				CLANG_WARN_CONSTANT_CONVERSION = YES;
				CLANG_WARN_DIRECT_OBJC_ISA_USAGE = YES_ERROR;
				CLANG_WARN_EMPTY_BODY = YES;
				CLANG_WARN_ENUM_CONVERSION = YES;
				CLANG_WARN_INT_CONVERSION = YES;
				CLANG_WARN_OBJC_ROOT_CLASS = YES_ERROR;
				CLANG_WARN_UNREACHABLE_CODE = YES;
				CLANG_WARN__DUPLICATE_METHOD_MATCH = YES;
				"CODE_SIGN_IDENTITY[sdk=iphoneos*]" = "iPhone Developer";
				COPY_PHASE_STRIP = NO;
				DEBUG_INFORMATION_FORMAT = dwarf;
				ENABLE_STRICT_OBJC_MSGSEND = YES;
				ENABLE_TESTABILITY = YES;
				GCC_C_LANGUAGE_STANDARD = gnu99;
				GCC_DYNAMIC_NO_PIC = NO;
				GCC_NO_COMMON_BLOCKS = YES;
				GCC_OPTIMIZATION_LEVEL = 0;
				GCC_PREPROCESSOR_DEFINITIONS = (
					"DEBUG=1",
					"$(inherited)",
				);
				GCC_WARN_64_TO_32_BIT_CONVERSION = YES;
				GCC_WARN_ABOUT_RETURN_TYPE = YES_ERROR;
				GCC_WARN_UNDECLARED_SELECTOR = YES;
				GCC_WARN_UNINITIALIZED_AUTOS = YES_AGGRESSIVE;
				GCC_WARN_UNUSED_FUNCTION = YES;
				GCC_WARN_UNUSED_VARIABLE = YES;
				IPHONEOS_DEPLOYMENT_TARGET = 9.2;
				MTL_ENABLE_DEBUG_INFO = YES;
				ONLY_ACTIVE_ARCH = YES;
				SDKROOT = iphoneos;
				SWIFT_OPTIMIZATION_LEVEL = "-Onone";
			};
			name = Debug;
		};
		F3C17D321C65DE4300B0EBF0 /* Release */ = {
			isa = XCBuildConfiguration;
			buildSettings = {
				ALWAYS_SEARCH_USER_PATHS = NO;
				CLANG_CXX_LANGUAGE_STANDARD = "gnu++0x";
				CLANG_CXX_LIBRARY = "libc++";
				CLANG_ENABLE_MODULES = YES;
				CLANG_ENABLE_OBJC_ARC = YES;
				CLANG_WARN_BOOL_CONVERSION = YES;
				CLANG_WARN_CONSTANT_CONVERSION = YES;
				CLANG_WARN_DIRECT_OBJC_ISA_USAGE = YES_ERROR;
				CLANG_WARN_EMPTY_BODY = YES;
				CLANG_WARN_ENUM_CONVERSION = YES;
				CLANG_WARN_INT_CONVERSION = YES;
				CLANG_WARN_OBJC_ROOT_CLASS = YES_ERROR;
				CLANG_WARN_UNREACHABLE_CODE = YES;
				CLANG_WARN__DUPLICATE_METHOD_MATCH = YES;
				"CODE_SIGN_IDENTITY[sdk=iphoneos*]" = "iPhone Developer";
				COPY_PHASE_STRIP = NO;
				DEBUG_INFORMATION_FORMAT = "dwarf-with-dsym";
				ENABLE_NS_ASSERTIONS = NO;
				ENABLE_STRICT_OBJC_MSGSEND = YES;
				GCC_C_LANGUAGE_STANDARD = gnu99;
				GCC_NO_COMMON_BLOCKS = YES;
				GCC_WARN_64_TO_32_BIT_CONVERSION = YES;
				GCC_WARN_ABOUT_RETURN_TYPE = YES_ERROR;
				GCC_WARN_UNDECLARED_SELECTOR = YES;
				GCC_WARN_UNINITIALIZED_AUTOS = YES_AGGRESSIVE;
				GCC_WARN_UNUSED_FUNCTION = YES;
				GCC_WARN_UNUSED_VARIABLE = YES;
				IPHONEOS_DEPLOYMENT_TARGET = 9.2;
				MTL_ENABLE_DEBUG_INFO = NO;
				SDKROOT = iphoneos;
				VALIDATE_PRODUCT = YES;
			};
			name = Release;
		};
		F3C17D341C65DE4300B0EBF0 /* Debug */ = {
			isa = XCBuildConfiguration;
			buildSettings = {
				ASSETCATALOG_COMPILER_APPICON_NAME = AppIcon;
				INFOPLIST_FILE = WorldTrotter/Info.plist;
				LD_RUNPATH_SEARCH_PATHS = "$(inherited) @executable_path/Frameworks";
				PRODUCT_BUNDLE_IDENTIFIER = com.dacioleal.WorldTrotter;
				PRODUCT_NAME = "$(TARGET_NAME)";
				TARGETED_DEVICE_FAMILY = 1;
			};
			name = Debug;
		};
		F3C17D351C65DE4300B0EBF0 /* Release */ = {
			isa = XCBuildConfiguration;
			buildSettings = {
				ASSETCATALOG_COMPILER_APPICON_NAME = AppIcon;
				INFOPLIST_FILE = WorldTrotter/Info.plist;
				LD_RUNPATH_SEARCH_PATHS = "$(inherited) @executable_path/Frameworks";
				PRODUCT_BUNDLE_IDENTIFIER = com.dacioleal.WorldTrotter;
				PRODUCT_NAME = "$(TARGET_NAME)";
				TARGETED_DEVICE_FAMILY = 1;
			};
			name = Release;
		};
/* End XCBuildConfiguration section */

/* Begin XCConfigurationList section */
		F3C17D1C1C65DE4300B0EBF0 /* Build configuration list for PBXProject "WorldTrotter" */ = {
			isa = XCConfigurationList;
			buildConfigurations = (
				F3C17D311C65DE4300B0EBF0 /* Debug */,
				F3C17D321C65DE4300B0EBF0 /* Release */,
			);
			defaultConfigurationIsVisible = 0;
			defaultConfigurationName = Release;
		};
		F3C17D331C65DE4300B0EBF0 /* Build configuration list for PBXNativeTarget "WorldTrotter" */ = {
			isa = XCConfigurationList;
			buildConfigurations = (
				F3C17D341C65DE4300B0EBF0 /* Debug */,
				F3C17D351C65DE4300B0EBF0 /* Release */,
			);
			defaultConfigurationIsVisible = 0;
			defaultConfigurationName = Release;
		};
/* End XCConfigurationList section */
	};
	rootObject = F3C17D191C65DE4300B0EBF0 /* Project object */;
}
